
Microsoft Visual Studio Solution File, Format Version 12.00
# Visual Studio Version 17
VisualStudioVersion = 17.13.35919.96 d17.13
MinimumVisualStudioVersion = 10.0.40219.1
Project("{FAE04EC0-301F-11D3-BF4B-00C04F79EFBC}") = "CampaniasCRUD_NET9", "CampaniasCRUD_NET9.csproj", "{BEBBD1B9-26DB-443B-BAA6-C88C7E061036}"
EndProject
Global
	GlobalSection(SolutionConfigurationPlatforms) = preSolution
		Debug|Any CPU = Debug|Any CPU
		Release|Any CPU = Release|Any CPU
	EndGlobalSection
	GlobalSection(ProjectConfigurationPlatforms) = postSolution
		{BEBBD1B9-26DB-443B-BAA6-C88C7E061036}.Debug|Any CPU.ActiveCfg = Debug|Any CPU
		{BEBBD1B9-26DB-443B-BAA6-C88C7E061036}.Debug|Any CPU.Build.0 = Debug|Any CPU
		{BEBBD1B9-26DB-443B-BAA6-C88C7E061036}.Release|Any CPU.ActiveCfg = Release|Any CPU
		{BEBBD1B9-26DB-443B-BAA6-C88C7E061036}.Release|Any CPU.Build.0 = Release|Any CPU
	EndGlobalSection
	GlobalSection(SolutionProperties) = preSolution
		HideSolutionNode = FALSE
	EndGlobalSection
	GlobalSection(ExtensibilityGlobals) = postSolution
		SolutionGuid = {32331FCD-A00C-4616-B344-977366BD401B}
	EndGlobalSection
EndGlobal
